
Microsoft Visual Studio Solution File, Format Version 12.00
# Visual Studio Version 17
VisualStudioVersion = 17.1.32210.238
MinimumVisualStudioVersion = 10.0.40219.1
Project("{2150E333-8FDC-42A3-9474-1A3956D46DE8}") = "Applications", "Applications", "{8553A5B0-3944-47D0-9943-47E5F940D1D9}"
EndProject
Project("{2150E333-8FDC-42A3-9474-1A3956D46DE8}") = "DataLayer", "DataLayer", "{CFF94881-B040-4DDE-9948-AB208493837B}"
EndProject
Project("{2150E333-8FDC-42A3-9474-1A3956D46DE8}") = "ServicesLayer", "ServicesLayer", "{513C1082-368D-41D2-BB9C-F560AF8452E7}"
EndProject
Project("{9A19103F-16F7-4668-BE54-9A1E7A4F7556}") = "APIGateway", "APIGateway\APIGateway.csproj", "{6067D67E-7543-4725-B455-D1055A102E1B}"
EndProject
Project("{9A19103F-16F7-4668-BE54-9A1E7A4F7556}") = "FileStorageManager", "FileStorageManager\FileStorageManager.csproj", "{55003932-CBD6-430C-B6B5-1763B927A0E6}"
EndProject
Project("{9A19103F-16F7-4668-BE54-9A1E7A4F7556}") = "MotorVehicleRegistration", "MotorVehicleRegistration\MotorVehicleRegistration.csproj", "{975EA218-A111-40FD-809A-DEEB85B3B55E}"
EndProject
Project("{9A19103F-16F7-4668-BE54-9A1E7A4F7556}") = "NotificationManager", "NotificationManager\NotificationManager.csproj", "{B3B5C3AA-75E4-426C-B48D-C4931C798CB7}"
EndProject
Project("{9A19103F-16F7-4668-BE54-9A1E7A4F7556}") = "PaymentManager", "PaymentManager\PaymentManager.csproj", "{380B8C07-D048-4705-85A8-CD7D54CDC529}"
EndProject
Project("{9A19103F-16F7-4668-BE54-9A1E7A4F7556}") = "Models", "Models\Models.csproj", "{0A840682-A62E-4196-8EFB-F0A510069893}"
EndProject
Project("{9A19103F-16F7-4668-BE54-9A1E7A4F7556}") = "Authentication", "Authentication\Authentication.csproj", "{8DA13B9E-3815-44F3-BCA1-A51023C9C789}"
EndProject
Project("{9A19103F-16F7-4668-BE54-9A1E7A4F7556}") = "Biometric", "Biometric\Biometric.csproj", "{5802BE09-FADF-4316-A552-7952176EAEF3}"
EndProject
Project("{9A19103F-16F7-4668-BE54-9A1E7A4F7556}") = "Courier", "Courier\Courier.csproj", "{020A2128-D0FA-4A96-B83A-FADCD145B1FF}"
EndProject
Project("{9A19103F-16F7-4668-BE54-9A1E7A4F7556}") = "Dashboard", "Dashboard\Dashboard.csproj", "{950849D3-E37B-44CF-84F2-BCF805380FFB}"
EndProject
Project("{9A19103F-16F7-4668-BE54-9A1E7A4F7556}") = "EAuction", "EAuction\EAuction.csproj", "{44F532B7-398F-4BB3-A6A5-BA83AA2BDDE4}"
EndProject
Project("{9A19103F-16F7-4668-BE54-9A1E7A4F7556}") = "FileStorage", "FileStorage\FileStorage.csproj", "{4BA233A7-83F4-4B42-BCD5-65F7C66C29AF}"
EndProject
Project("{9A19103F-16F7-4668-BE54-9A1E7A4F7556}") = "Logging", "Logging\Logging.csproj", "{6DE8927A-37B4-48E6-B21F-3D769EA4A404}"
EndProject
Project("{9A19103F-16F7-4668-BE54-9A1E7A4F7556}") = "Notification", "Notification\Notification.csproj", "{66A7FBEC-13A4-4352-9834-EE3BA702BFE3}"
EndProject
Project("{9A19103F-16F7-4668-BE54-9A1E7A4F7556}") = "Payment", "Payment\Payment.csproj", "{22D70125-D2B7-4AB3-B8EA-ABD3ABC53F59}"
EndProject
Project("{9A19103F-16F7-4668-BE54-9A1E7A4F7556}") = "Printing", "Printing\Printing.csproj", "{42513ACA-22B6-4CEB-B7D6-0136B43CFEB0}"
EndProject
Project("{9A19103F-16F7-4668-BE54-9A1E7A4F7556}") = "Reporting", "Reporting\Reporting.csproj", "{39FA4B4C-34D2-4011-9E96-582BC02346CA}"
EndProject
Project("{9A19103F-16F7-4668-BE54-9A1E7A4F7556}") = "UserManagement", "UserManagement\UserManagement.csproj", "{99B07012-BCEB-4BA6-88C5-20D85B3F8874}"
EndProject
Project("{9A19103F-16F7-4668-BE54-9A1E7A4F7556}") = "VehicleRegistration", "VehicleRegistration\VehicleRegistration.csproj", "{B60DDB49-A4CE-4604-9C7F-3879E37399F8}"
EndProject
Project("{9A19103F-16F7-4668-BE54-9A1E7A4F7556}") = "RepositoryLayer", "RepositoryLayer\RepositoryLayer.csproj", "{9F55A08B-2B7E-4BB3-B9AE-3A461B2846D1}"
EndProject
Project("{2150E333-8FDC-42A3-9474-1A3956D46DE8}") = "RepositoryLayer", "RepositoryLayer", "{A92AEB59-9249-4C0E-82A2-FD36EA152ED1}"
EndProject
Project("{9A19103F-16F7-4668-BE54-9A1E7A4F7556}") = "Setup", "Setup\Setup.csproj", "{7D9C953F-0F8B-4A5B-B252-7B85FD6E158A}"
EndProject
Project("{9A19103F-16F7-4668-BE54-9A1E7A4F7556}") = "SharedLib", "SharedLib\SharedLib.csproj", "{584B752A-3319-4E6D-94BE-D2CA4279441A}"
EndProject
Project("{9A19103F-16F7-4668-BE54-9A1E7A4F7556}") = "SeriesNumberPool", "SeriesNumberPool\SeriesNumberPool.csproj", "{49445004-B9DE-453F-A2BE-A6C3CB23EDF0}"
EndProject
Project("{9A19103F-16F7-4668-BE54-9A1E7A4F7556}") = "Admin", "Admin\Admin.csproj", "{AB6876F5-0AB8-4864-A8E6-AD377FEE146C}"
EndProject
Project("{9A19103F-16F7-4668-BE54-9A1E7A4F7556}") = "AMQPSvc", "AMQPSvc\AMQPSvc.csproj", "{06088D6B-3E79-4620-A024-E2BC8B56FFD8}"
EndProject
Project("{9A19103F-16F7-4668-BE54-9A1E7A4F7556}") = "Profiling", "Profiling\Profiling.csproj", "{7067A796-8C38-4044-9639-D64FCA30F2FF}"
EndProject
Project("{9A19103F-16F7-4668-BE54-9A1E7A4F7556}") = "WorkerServices", "WorkerServices\WorkerServices.csproj", "{BAADB094-9EA7-40CF-92AF-6DABE0D5A78D}"
EndProject
Project("{9A19103F-16F7-4668-BE54-9A1E7A4F7556}") = "PermitIssuance", "PermitIssuance\PermitIssuance.csproj", "{FC283296-C605-476D-A8F9-D4AADEE908D5}"
EndProject
Project("{FAE04EC0-301F-11D3-BF4B-00C04F79EFBC}") = "Stock", "Stock\Stock.csproj", "{6792F837-8C5C-45B9-B0C5-9D9F284B4D12}"
EndProject
Global
	GlobalSection(SolutionConfigurationPlatforms) = preSolution
		Debug|Any CPU = Debug|Any CPU
		Release|Any CPU = Release|Any CPU
	EndGlobalSection
	GlobalSection(ProjectConfigurationPlatforms) = postSolution
		{6067D67E-7543-4725-B455-D1055A102E1B}.Debug|Any CPU.ActiveCfg = Debug|Any CPU
		{6067D67E-7543-4725-B455-D1055A102E1B}.Debug|Any CPU.Build.0 = Debug|Any CPU
		{6067D67E-7543-4725-B455-D1055A102E1B}.Release|Any CPU.ActiveCfg = Release|Any CPU
		{6067D67E-7543-4725-B455-D1055A102E1B}.Release|Any CPU.Build.0 = Release|Any CPU
		{55003932-CBD6-430C-B6B5-1763B927A0E6}.Debug|Any CPU.ActiveCfg = Debug|Any CPU
		{55003932-CBD6-430C-B6B5-1763B927A0E6}.Debug|Any CPU.Build.0 = Debug|Any CPU
		{55003932-CBD6-430C-B6B5-1763B927A0E6}.Release|Any CPU.ActiveCfg = Release|Any CPU
		{55003932-CBD6-430C-B6B5-1763B927A0E6}.Release|Any CPU.Build.0 = Release|Any CPU
		{975EA218-A111-40FD-809A-DEEB85B3B55E}.Debug|Any CPU.ActiveCfg = Debug|Any CPU
		{975EA218-A111-40FD-809A-DEEB85B3B55E}.Debug|Any CPU.Build.0 = Debug|Any CPU
		{975EA218-A111-40FD-809A-DEEB85B3B55E}.Release|Any CPU.ActiveCfg = Release|Any CPU
		{975EA218-A111-40FD-809A-DEEB85B3B55E}.Release|Any CPU.Build.0 = Release|Any CPU
		{B3B5C3AA-75E4-426C-B48D-C4931C798CB7}.Debug|Any CPU.ActiveCfg = Debug|Any CPU
		{B3B5C3AA-75E4-426C-B48D-C4931C798CB7}.Debug|Any CPU.Build.0 = Debug|Any CPU
		{B3B5C3AA-75E4-426C-B48D-C4931C798CB7}.Release|Any CPU.ActiveCfg = Release|Any CPU
		{B3B5C3AA-75E4-426C-B48D-C4931C798CB7}.Release|Any CPU.Build.0 = Release|Any CPU
		{380B8C07-D048-4705-85A8-CD7D54CDC529}.Debug|Any CPU.ActiveCfg = Debug|Any CPU
		{380B8C07-D048-4705-85A8-CD7D54CDC529}.Debug|Any CPU.Build.0 = Debug|Any CPU
		{380B8C07-D048-4705-85A8-CD7D54CDC529}.Release|Any CPU.ActiveCfg = Release|Any CPU
		{380B8C07-D048-4705-85A8-CD7D54CDC529}.Release|Any CPU.Build.0 = Release|Any CPU
		{0A840682-A62E-4196-8EFB-F0A510069893}.Debug|Any CPU.ActiveCfg = Debug|Any CPU
		{0A840682-A62E-4196-8EFB-F0A510069893}.Debug|Any CPU.Build.0 = Debug|Any CPU
		{0A840682-A62E-4196-8EFB-F0A510069893}.Release|Any CPU.ActiveCfg = Release|Any CPU
		{0A840682-A62E-4196-8EFB-F0A510069893}.Release|Any CPU.Build.0 = Release|Any CPU
		{8DA13B9E-3815-44F3-BCA1-A51023C9C789}.Debug|Any CPU.ActiveCfg = Debug|Any CPU
		{8DA13B9E-3815-44F3-BCA1-A51023C9C789}.Debug|Any CPU.Build.0 = Debug|Any CPU
		{8DA13B9E-3815-44F3-BCA1-A51023C9C789}.Release|Any CPU.ActiveCfg = Release|Any CPU
		{8DA13B9E-3815-44F3-BCA1-A51023C9C789}.Release|Any CPU.Build.0 = Release|Any CPU
		{5802BE09-FADF-4316-A552-7952176EAEF3}.Debug|Any CPU.ActiveCfg = Debug|Any CPU
		{5802BE09-FADF-4316-A552-7952176EAEF3}.Debug|Any CPU.Build.0 = Debug|Any CPU
		{5802BE09-FADF-4316-A552-7952176EAEF3}.Release|Any CPU.ActiveCfg = Release|Any CPU
		{5802BE09-FADF-4316-A552-7952176EAEF3}.Release|Any CPU.Build.0 = Release|Any CPU
		{020A2128-D0FA-4A96-B83A-FADCD145B1FF}.Debug|Any CPU.ActiveCfg = Debug|Any CPU
		{020A2128-D0FA-4A96-B83A-FADCD145B1FF}.Debug|Any CPU.Build.0 = Debug|Any CPU
		{020A2128-D0FA-4A96-B83A-FADCD145B1FF}.Release|Any CPU.ActiveCfg = Release|Any CPU
		{020A2128-D0FA-4A96-B83A-FADCD145B1FF}.Release|Any CPU.Build.0 = Release|Any CPU
		{950849D3-E37B-44CF-84F2-BCF805380FFB}.Debug|Any CPU.ActiveCfg = Debug|Any CPU
		{950849D3-E37B-44CF-84F2-BCF805380FFB}.Debug|Any CPU.Build.0 = Debug|Any CPU
		{950849D3-E37B-44CF-84F2-BCF805380FFB}.Release|Any CPU.ActiveCfg = Release|Any CPU
		{950849D3-E37B-44CF-84F2-BCF805380FFB}.Release|Any CPU.Build.0 = Release|Any CPU
		{44F532B7-398F-4BB3-A6A5-BA83AA2BDDE4}.Debug|Any CPU.ActiveCfg = Debug|Any CPU
		{44F532B7-398F-4BB3-A6A5-BA83AA2BDDE4}.Debug|Any CPU.Build.0 = Debug|Any CPU
		{44F532B7-398F-4BB3-A6A5-BA83AA2BDDE4}.Release|Any CPU.ActiveCfg = Release|Any CPU
		{44F532B7-398F-4BB3-A6A5-BA83AA2BDDE4}.Release|Any CPU.Build.0 = Release|Any CPU
		{4BA233A7-83F4-4B42-BCD5-65F7C66C29AF}.Debug|Any CPU.ActiveCfg = Debug|Any CPU
		{4BA233A7-83F4-4B42-BCD5-65F7C66C29AF}.Debug|Any CPU.Build.0 = Debug|Any CPU
		{4BA233A7-83F4-4B42-BCD5-65F7C66C29AF}.Release|Any CPU.ActiveCfg = Release|Any CPU
		{4BA233A7-83F4-4B42-BCD5-65F7C66C29AF}.Release|Any CPU.Build.0 = Release|Any CPU
		{6DE8927A-37B4-48E6-B21F-3D769EA4A404}.Debug|Any CPU.ActiveCfg = Debug|Any CPU
		{6DE8927A-37B4-48E6-B21F-3D769EA4A404}.Debug|Any CPU.Build.0 = Debug|Any CPU
		{6DE8927A-37B4-48E6-B21F-3D769EA4A404}.Release|Any CPU.ActiveCfg = Release|Any CPU
		{6DE8927A-37B4-48E6-B21F-3D769EA4A404}.Release|Any CPU.Build.0 = Release|Any CPU
		{66A7FBEC-13A4-4352-9834-EE3BA702BFE3}.Debug|Any CPU.ActiveCfg = Debug|Any CPU
		{66A7FBEC-13A4-4352-9834-EE3BA702BFE3}.Debug|Any CPU.Build.0 = Debug|Any CPU
		{66A7FBEC-13A4-4352-9834-EE3BA702BFE3}.Release|Any CPU.ActiveCfg = Release|Any CPU
		{66A7FBEC-13A4-4352-9834-EE3BA702BFE3}.Release|Any CPU.Build.0 = Release|Any CPU
		{22D70125-D2B7-4AB3-B8EA-ABD3ABC53F59}.Debug|Any CPU.ActiveCfg = Debug|Any CPU
		{22D70125-D2B7-4AB3-B8EA-ABD3ABC53F59}.Debug|Any CPU.Build.0 = Debug|Any CPU
		{22D70125-D2B7-4AB3-B8EA-ABD3ABC53F59}.Release|Any CPU.ActiveCfg = Release|Any CPU
		{22D70125-D2B7-4AB3-B8EA-ABD3ABC53F59}.Release|Any CPU.Build.0 = Release|Any CPU
		{42513ACA-22B6-4CEB-B7D6-0136B43CFEB0}.Debug|Any CPU.ActiveCfg = Debug|Any CPU
		{42513ACA-22B6-4CEB-B7D6-0136B43CFEB0}.Debug|Any CPU.Build.0 = Debug|Any CPU
		{42513ACA-22B6-4CEB-B7D6-0136B43CFEB0}.Release|Any CPU.ActiveCfg = Release|Any CPU
		{42513ACA-22B6-4CEB-B7D6-0136B43CFEB0}.Release|Any CPU.Build.0 = Release|Any CPU
		{39FA4B4C-34D2-4011-9E96-582BC02346CA}.Debug|Any CPU.ActiveCfg = Debug|Any CPU
		{39FA4B4C-34D2-4011-9E96-582BC02346CA}.Debug|Any CPU.Build.0 = Debug|Any CPU
		{39FA4B4C-34D2-4011-9E96-582BC02346CA}.Release|Any CPU.ActiveCfg = Release|Any CPU
		{39FA4B4C-34D2-4011-9E96-582BC02346CA}.Release|Any CPU.Build.0 = Release|Any CPU
		{99B07012-BCEB-4BA6-88C5-20D85B3F8874}.Debug|Any CPU.ActiveCfg = Debug|Any CPU
		{99B07012-BCEB-4BA6-88C5-20D85B3F8874}.Debug|Any CPU.Build.0 = Debug|Any CPU
		{99B07012-BCEB-4BA6-88C5-20D85B3F8874}.Release|Any CPU.ActiveCfg = Release|Any CPU
		{99B07012-BCEB-4BA6-88C5-20D85B3F8874}.Release|Any CPU.Build.0 = Release|Any CPU
		{B60DDB49-A4CE-4604-9C7F-3879E37399F8}.Debug|Any CPU.ActiveCfg = Debug|Any CPU
		{B60DDB49-A4CE-4604-9C7F-3879E37399F8}.Debug|Any CPU.Build.0 = Debug|Any CPU
		{B60DDB49-A4CE-4604-9C7F-3879E37399F8}.Release|Any CPU.ActiveCfg = Release|Any CPU
		{B60DDB49-A4CE-4604-9C7F-3879E37399F8}.Release|Any CPU.Build.0 = Release|Any CPU
		{9F55A08B-2B7E-4BB3-B9AE-3A461B2846D1}.Debug|Any CPU.ActiveCfg = Debug|Any CPU
		{9F55A08B-2B7E-4BB3-B9AE-3A461B2846D1}.Debug|Any CPU.Build.0 = Debug|Any CPU
		{9F55A08B-2B7E-4BB3-B9AE-3A461B2846D1}.Release|Any CPU.ActiveCfg = Release|Any CPU
		{9F55A08B-2B7E-4BB3-B9AE-3A461B2846D1}.Release|Any CPU.Build.0 = Release|Any CPU
		{7D9C953F-0F8B-4A5B-B252-7B85FD6E158A}.Debug|Any CPU.ActiveCfg = Debug|Any CPU
		{7D9C953F-0F8B-4A5B-B252-7B85FD6E158A}.Debug|Any CPU.Build.0 = Debug|Any CPU
		{7D9C953F-0F8B-4A5B-B252-7B85FD6E158A}.Release|Any CPU.ActiveCfg = Release|Any CPU
		{7D9C953F-0F8B-4A5B-B252-7B85FD6E158A}.Release|Any CPU.Build.0 = Release|Any CPU
		{584B752A-3319-4E6D-94BE-D2CA4279441A}.Debug|Any CPU.ActiveCfg = Debug|Any CPU
		{584B752A-3319-4E6D-94BE-D2CA4279441A}.Debug|Any CPU.Build.0 = Debug|Any CPU
		{584B752A-3319-4E6D-94BE-D2CA4279441A}.Release|Any CPU.ActiveCfg = Release|Any CPU
		{584B752A-3319-4E6D-94BE-D2CA4279441A}.Release|Any CPU.Build.0 = Release|Any CPU
		{49445004-B9DE-453F-A2BE-A6C3CB23EDF0}.Debug|Any CPU.ActiveCfg = Debug|Any CPU
		{49445004-B9DE-453F-A2BE-A6C3CB23EDF0}.Debug|Any CPU.Build.0 = Debug|Any CPU
		{49445004-B9DE-453F-A2BE-A6C3CB23EDF0}.Release|Any CPU.ActiveCfg = Release|Any CPU
		{49445004-B9DE-453F-A2BE-A6C3CB23EDF0}.Release|Any CPU.Build.0 = Release|Any CPU
		{AB6876F5-0AB8-4864-A8E6-AD377FEE146C}.Debug|Any CPU.ActiveCfg = Debug|Any CPU
		{AB6876F5-0AB8-4864-A8E6-AD377FEE146C}.Debug|Any CPU.Build.0 = Debug|Any CPU
		{AB6876F5-0AB8-4864-A8E6-AD377FEE146C}.Release|Any CPU.ActiveCfg = Release|Any CPU
		{AB6876F5-0AB8-4864-A8E6-AD377FEE146C}.Release|Any CPU.Build.0 = Release|Any CPU
		{06088D6B-3E79-4620-A024-E2BC8B56FFD8}.Debug|Any CPU.ActiveCfg = Debug|Any CPU
		{06088D6B-3E79-4620-A024-E2BC8B56FFD8}.Debug|Any CPU.Build.0 = Debug|Any CPU
		{06088D6B-3E79-4620-A024-E2BC8B56FFD8}.Release|Any CPU.ActiveCfg = Release|Any CPU
		{06088D6B-3E79-4620-A024-E2BC8B56FFD8}.Release|Any CPU.Build.0 = Release|Any CPU
		{7067A796-8C38-4044-9639-D64FCA30F2FF}.Debug|Any CPU.ActiveCfg = Debug|Any CPU
		{7067A796-8C38-4044-9639-D64FCA30F2FF}.Debug|Any CPU.Build.0 = Debug|Any CPU
		{7067A796-8C38-4044-9639-D64FCA30F2FF}.Release|Any CPU.ActiveCfg = Release|Any CPU
		{7067A796-8C38-4044-9639-D64FCA30F2FF}.Release|Any CPU.Build.0 = Release|Any CPU
		{BAADB094-9EA7-40CF-92AF-6DABE0D5A78D}.Debug|Any CPU.ActiveCfg = Debug|Any CPU
		{BAADB094-9EA7-40CF-92AF-6DABE0D5A78D}.Debug|Any CPU.Build.0 = Debug|Any CPU
		{BAADB094-9EA7-40CF-92AF-6DABE0D5A78D}.Release|Any CPU.ActiveCfg = Release|Any CPU
		{BAADB094-9EA7-40CF-92AF-6DABE0D5A78D}.Release|Any CPU.Build.0 = Release|Any CPU
		{FC283296-C605-476D-A8F9-D4AADEE908D5}.Debug|Any CPU.ActiveCfg = Debug|Any CPU
		{FC283296-C605-476D-A8F9-D4AADEE908D5}.Debug|Any CPU.Build.0 = Debug|Any CPU
		{FC283296-C605-476D-A8F9-D4AADEE908D5}.Release|Any CPU.ActiveCfg = Release|Any CPU
		{FC283296-C605-476D-A8F9-D4AADEE908D5}.Release|Any CPU.Build.0 = Release|Any CPU
		{6792F837-8C5C-45B9-B0C5-9D9F284B4D12}.Debug|Any CPU.ActiveCfg = Debug|Any CPU
		{6792F837-8C5C-45B9-B0C5-9D9F284B4D12}.Debug|Any CPU.Build.0 = Debug|Any CPU
		{6792F837-8C5C-45B9-B0C5-9D9F284B4D12}.Release|Any CPU.ActiveCfg = Release|Any CPU
		{6792F837-8C5C-45B9-B0C5-9D9F284B4D12}.Release|Any CPU.Build.0 = Release|Any CPU
	EndGlobalSection
	GlobalSection(SolutionProperties) = preSolution
		HideSolutionNode = FALSE
	EndGlobalSection
	GlobalSection(NestedProjects) = preSolution
		{6067D67E-7543-4725-B455-D1055A102E1B} = {8553A5B0-3944-47D0-9943-47E5F940D1D9}
		{55003932-CBD6-430C-B6B5-1763B927A0E6} = {8553A5B0-3944-47D0-9943-47E5F940D1D9}
		{975EA218-A111-40FD-809A-DEEB85B3B55E} = {8553A5B0-3944-47D0-9943-47E5F940D1D9}
		{B3B5C3AA-75E4-426C-B48D-C4931C798CB7} = {8553A5B0-3944-47D0-9943-47E5F940D1D9}
		{380B8C07-D048-4705-85A8-CD7D54CDC529} = {8553A5B0-3944-47D0-9943-47E5F940D1D9}
		{0A840682-A62E-4196-8EFB-F0A510069893} = {CFF94881-B040-4DDE-9948-AB208493837B}
		{8DA13B9E-3815-44F3-BCA1-A51023C9C789} = {513C1082-368D-41D2-BB9C-F560AF8452E7}
		{5802BE09-FADF-4316-A552-7952176EAEF3} = {513C1082-368D-41D2-BB9C-F560AF8452E7}
		{020A2128-D0FA-4A96-B83A-FADCD145B1FF} = {513C1082-368D-41D2-BB9C-F560AF8452E7}
		{950849D3-E37B-44CF-84F2-BCF805380FFB} = {513C1082-368D-41D2-BB9C-F560AF8452E7}
		{44F532B7-398F-4BB3-A6A5-BA83AA2BDDE4} = {513C1082-368D-41D2-BB9C-F560AF8452E7}
		{4BA233A7-83F4-4B42-BCD5-65F7C66C29AF} = {513C1082-368D-41D2-BB9C-F560AF8452E7}
		{6DE8927A-37B4-48E6-B21F-3D769EA4A404} = {513C1082-368D-41D2-BB9C-F560AF8452E7}
		{66A7FBEC-13A4-4352-9834-EE3BA702BFE3} = {513C1082-368D-41D2-BB9C-F560AF8452E7}
		{22D70125-D2B7-4AB3-B8EA-ABD3ABC53F59} = {513C1082-368D-41D2-BB9C-F560AF8452E7}
		{42513ACA-22B6-4CEB-B7D6-0136B43CFEB0} = {513C1082-368D-41D2-BB9C-F560AF8452E7}
		{39FA4B4C-34D2-4011-9E96-582BC02346CA} = {513C1082-368D-41D2-BB9C-F560AF8452E7}
		{99B07012-BCEB-4BA6-88C5-20D85B3F8874} = {513C1082-368D-41D2-BB9C-F560AF8452E7}
		{B60DDB49-A4CE-4604-9C7F-3879E37399F8} = {513C1082-368D-41D2-BB9C-F560AF8452E7}
		{9F55A08B-2B7E-4BB3-B9AE-3A461B2846D1} = {A92AEB59-9249-4C0E-82A2-FD36EA152ED1}
		{7D9C953F-0F8B-4A5B-B252-7B85FD6E158A} = {513C1082-368D-41D2-BB9C-F560AF8452E7}
		{584B752A-3319-4E6D-94BE-D2CA4279441A} = {513C1082-368D-41D2-BB9C-F560AF8452E7}
		{49445004-B9DE-453F-A2BE-A6C3CB23EDF0} = {513C1082-368D-41D2-BB9C-F560AF8452E7}
		{AB6876F5-0AB8-4864-A8E6-AD377FEE146C} = {513C1082-368D-41D2-BB9C-F560AF8452E7}
		{06088D6B-3E79-4620-A024-E2BC8B56FFD8} = {513C1082-368D-41D2-BB9C-F560AF8452E7}
		{7067A796-8C38-4044-9639-D64FCA30F2FF} = {513C1082-368D-41D2-BB9C-F560AF8452E7}
		{BAADB094-9EA7-40CF-92AF-6DABE0D5A78D} = {8553A5B0-3944-47D0-9943-47E5F940D1D9}
		{FC283296-C605-476D-A8F9-D4AADEE908D5} = {513C1082-368D-41D2-BB9C-F560AF8452E7}
		{6792F837-8C5C-45B9-B0C5-9D9F284B4D12} = {513C1082-368D-41D2-BB9C-F560AF8452E7}
	EndGlobalSection
	GlobalSection(ExtensibilityGlobals) = postSolution
		SolutionGuid = {8FAE49A9-0A8F-4BD9-B0D9-F728BF1F4EE0}
	EndGlobalSection
EndGlobal
